// !$*UTF8*$!
{
	archiveVersion = 1;
	classes = {
	};
	objectVersion = 50;
	objects = {

/* Begin PBXBuildFile section */
		714BE712266BAE0300C224A6 /* Protocols.swift in Sources */ = {isa = PBXBuildFile; fileRef = 714BE711266BAE0300C224A6 /* Protocols.swift */; };
		7153BD3326655BF400892739 /* AppDelegate.swift in Sources */ = {isa = PBXBuildFile; fileRef = 7153BD3226655BF400892739 /* AppDelegate.swift */; };
		7153BD3526655BF400892739 /* SceneDelegate.swift in Sources */ = {isa = PBXBuildFile; fileRef = 7153BD3426655BF400892739 /* SceneDelegate.swift */; };
		7153BD3726655BF400892739 /* ViewController.swift in Sources */ = {isa = PBXBuildFile; fileRef = 7153BD3626655BF400892739 /* ViewController.swift */; };
		7153BD3A26655BF400892739 /* Main.storyboard in Resources */ = {isa = PBXBuildFile; fileRef = 7153BD3826655BF400892739 /* Main.storyboard */; };
		7153BD3C26655BFA00892739 /* Assets.xcassets in Resources */ = {isa = PBXBuildFile; fileRef = 7153BD3B26655BFA00892739 /* Assets.xcassets */; };
		7153BD3F26655BFA00892739 /* LaunchScreen.storyboard in Resources */ = {isa = PBXBuildFile; fileRef = 7153BD3D26655BFA00892739 /* LaunchScreen.storyboard */; };
		7153BD4B266A913700892739 /* PlayerCellCollectionViewCell.swift in Sources */ = {isa = PBXBuildFile; fileRef = 7153BD4A266A913700892739 /* PlayerCellCollectionViewCell.swift */; };
/* End PBXBuildFile section */

/* Begin PBXFileReference section */
		714BE711266BAE0300C224A6 /* Protocols.swift */ = {isa = PBXFileReference; lastKnownFileType = sourcecode.swift; path = Protocols.swift; sourceTree = "<group>"; };
		7153BD2F26655BF400892739 /* CardCounter.app */ = {isa = PBXFileReference; explicitFileType = wrapper.application; includeInIndex = 0; path = CardCounter.app; sourceTree = BUILT_PRODUCTS_DIR; };
		7153BD3226655BF400892739 /* AppDelegate.swift */ = {isa = PBXFileReference; lastKnownFileType = sourcecode.swift; path = AppDelegate.swift; sourceTree = "<group>"; };
		7153BD3426655BF400892739 /* SceneDelegate.swift */ = {isa = PBXFileReference; lastKnownFileType = sourcecode.swift; path = SceneDelegate.swift; sourceTree = "<group>"; };
		7153BD3626655BF400892739 /* ViewController.swift */ = {isa = PBXFileReference; lastKnownFileType = sourcecode.swift; path = ViewController.swift; sourceTree = "<group>"; };
		7153BD3926655BF400892739 /* Base */ = {isa = PBXFileReference; lastKnownFileType = file.storyboard; name = Base; path = Base.lproj/Main.storyboard; sourceTree = "<group>"; };
		7153BD3B26655BFA00892739 /* Assets.xcassets */ = {isa = PBXFileReference; lastKnownFileType = folder.assetcatalog; path = Assets.xcassets; sourceTree = "<group>"; };
		7153BD3E26655BFA00892739 /* Base */ = {isa = PBXFileReference; lastKnownFileType = file.storyboard; name = Base; path = Base.lproj/LaunchScreen.storyboard; sourceTree = "<group>"; };
		7153BD4026655BFA00892739 /* Info.plist */ = {isa = PBXFileReference; lastKnownFileType = text.plist.xml; path = Info.plist; sourceTree = "<group>"; };
		7153BD4A266A913700892739 /* PlayerCellCollectionViewCell.swift */ = {isa = PBXFileReference; lastKnownFileType = sourcecode.swift; path = PlayerCellCollectionViewCell.swift; sourceTree = "<group>"; };
/* End PBXFileReference section */

/* Begin PBXFrameworksBuildPhase section */
		7153BD2C26655BF400892739 /* Frameworks */ = {
			isa = PBXFrameworksBuildPhase;
			buildActionMask = 2147483647;
			files = (
			);
			runOnlyForDeploymentPostprocessing = 0;
		};
/* End PBXFrameworksBuildPhase section */

/* Begin PBXGroup section */
		7153BD2626655BF400892739 = {
			isa = PBXGroup;
			children = (
				7153BD3126655BF400892739 /* CardCounter */,
				7153BD3026655BF400892739 /* Products */,
			);
			sourceTree = "<group>";
		};
		7153BD3026655BF400892739 /* Products */ = {
			isa = PBXGroup;
			children = (
				7153BD2F26655BF400892739 /* CardCounter.app */,
			);
			name = Products;
			sourceTree = "<group>";
		};
		7153BD3126655BF400892739 /* CardCounter */ = {
			isa = PBXGroup;
			children = (
				7153BD3226655BF400892739 /* AppDelegate.swift */,
				7153BD3426655BF400892739 /* SceneDelegate.swift */,
				7153BD3626655BF400892739 /* ViewController.swift */,
				7153BD3826655BF400892739 /* Main.storyboard */,
				7153BD3B26655BFA00892739 /* Assets.xcassets */,
				7153BD3D26655BFA00892739 /* LaunchScreen.storyboard */,
				7153BD4026655BFA00892739 /* Info.plist */,
				7153BD4A266A913700892739 /* PlayerCellCollectionViewCell.swift */,
				714BE711266BAE0300C224A6 /* Protocols.swift */,
			);
			path = CardCounter;
			sourceTree = "<group>";
		};
/* End PBXGroup section */

/* Begin PBXNativeTarget section */
		7153BD2E26655BF400892739 /* CardCounter */ = {
			isa = PBXNativeTarget;
			buildConfigurationList = 7153BD4326655BFA00892739 /* Build configuration list for PBXNativeTarget "CardCounter" */;
			buildPhases = (
				7153BD2B26655BF400892739 /* Sources */,
				7153BD2C26655BF400892739 /* Frameworks */,
				7153BD2D26655BF400892739 /* Resources */,
			);
			buildRules = (
			);
			dependencies = (
			);
			name = CardCounter;
			productName = CardCounter;
			productReference = 7153BD2F26655BF400892739 /* CardCounter.app */;
			productType = "com.apple.product-type.application";
		};
/* End PBXNativeTarget section */

/* Begin PBXProject section */
		7153BD2726655BF400892739 /* Project object */ = {
			isa = PBXProject;
			attributes = {
				LastSwiftUpdateCheck = 1140;
				LastUpgradeCheck = 1140;
				ORGANIZATIONNAME = "Irina Perepelkina";
				TargetAttributes = {
					7153BD2E26655BF400892739 = {
						CreatedOnToolsVersion = 11.4;
					};
				};
			};
			buildConfigurationList = 7153BD2A26655BF400892739 /* Build configuration list for PBXProject "CardCounter" */;
			compatibilityVersion = "Xcode 9.3";
			developmentRegion = en;
			hasScannedForEncodings = 0;
			knownRegions = (
				en,
				Base,
			);
			mainGroup = 7153BD2626655BF400892739;
			productRefGroup = 7153BD3026655BF400892739 /* Products */;
			projectDirPath = "";
			projectRoot = "";
			targets = (
				7153BD2E26655BF400892739 /* CardCounter */,
			);
		};
/* End PBXProject section */

/* Begin PBXResourcesBuildPhase section */
		7153BD2D26655BF400892739 /* Resources */ = {
			isa = PBXResourcesBuildPhase;
			buildActionMask = 2147483647;
			files = (
				7153BD3F26655BFA00892739 /* LaunchScreen.storyboard in Resources */,
				7153BD3C26655BFA00892739 /* Assets.xcassets in Resources */,
				7153BD3A26655BF400892739 /* Main.storyboard in Resources */,
			);
			runOnlyForDeploymentPostprocessing = 0;
		};
/* End PBXResourcesBuildPhase section */

/* Begin PBXSourcesBuildPhase section */
		7153BD2B26655BF400892739 /* Sources */ = {
			isa = PBXSourcesBuildPhase;
			buildActionMask = 2147483647;
			files = (
				714BE712266BAE0300C224A6 /* Protocols.swift in Sources */,
				7153BD3726655BF400892739 /* ViewController.swift in Sources */,
				7153BD4B266A913700892739 /* PlayerCellCollectionViewCell.swift in Sources */,
				7153BD3326655BF400892739 /* AppDelegate.swift in Sources */,
				7153BD3526655BF400892739 /* SceneDelegate.swift in Sources */,
			);
			runOnlyForDeploymentPostprocessing = 0;
		};
/* End PBXSourcesBuildPhase section */

/* Begin PBXVariantGroup section */
		7153BD3826655BF400892739 /* Main.storyboard */ = {
			isa = PBXVariantGroup;
			children = (
				7153BD3926655BF400892739 /* Base */,
			);
			name = Main.storyboard;
			sourceTree = "<group>";
		};
		7153BD3D26655BFA00892739 /* LaunchScreen.storyboard */ = {
			isa = PBXVariantGroup;
			children = (
				7153BD3E26655BFA00892739 /* Base */,
			);
			name = LaunchScreen.storyboard;
			sourceTree = "<group>";
		};
/* End PBXVariantGroup section */

/* Begin XCBuildConfiguration section */
		7153BD4126655BFA00892739 /* Debug */ = {
			isa = XCBuildConfiguration;
			buildSettings = {
				ALWAYS_SEARCH_USER_PATHS = NO;
				CLANG_ANALYZER_NONNULL = YES;
				CLANG_ANALYZER_NUMBER_OBJECT_CONVERSION = YES_AGGRESSIVE;
				CLANG_CXX_LANGUAGE_STANDARD = "gnu++14";
				CLANG_CXX_LIBRARY = "libc++";
				CLANG_ENABLE_MODULES = YES;
				CLANG_ENABLE_OBJC_ARC = YES;
				CLANG_ENABLE_OBJC_WEAK = YES;
				CLANG_WARN_BLOCK_CAPTURE_AUTORELEASING = YES;
				CLANG_WARN_BOOL_CONVERSION = YES;
				CLANG_WARN_COMMA = YES;
				CLANG_WARN_CONSTANT_CONVERSION = YES;
				CLANG_WARN_DEPRECATED_OBJC_IMPLEMENTATIONS = YES;
				CLANG_WARN_DIRECT_OBJC_ISA_USAGE = YES_ERROR;
				CLANG_WARN_DOCUMENTATION_COMMENTS = YES;
				CLANG_WARN_EMPTY_BODY = YES;
				CLANG_WARN_ENUM_CONVERSION = YES;
				CLANG_WARN_INFINITE_RECURSION = YES;
				CLANG_WARN_INT_CONVERSION = YES;
				CLANG_WARN_NON_LITERAL_NULL_CONVERSION = YES;
				CLANG_WARN_OBJC_IMPLICIT_RETAIN_SELF = YES;
				CLANG_WARN_OBJC_LITERAL_CONVERSION = YES;
				CLANG_WARN_OBJC_ROOT_CLASS = YES_ERROR;
				CLANG_WARN_RANGE_LOOP_ANALYSIS = YES;
				CLANG_WARN_STRICT_PROTOTYPES = YES;
				CLANG_WARN_SUSPICIOUS_MOVE = YES;
				CLANG_WARN_UNGUARDED_AVAILABILITY = YES_AGGRESSIVE;
				CLANG_WARN_UNREACHABLE_CODE = YES;
				CLANG_WARN__DUPLICATE_METHOD_MATCH = YES;
				COPY_PHASE_STRIP = NO;
				DEBUG_INFORMATION_FORMAT = dwarf;
				ENABLE_STRICT_OBJC_MSGSEND = YES;
				ENABLE_TESTABILITY = YES;
				GCC_C_LANGUAGE_STANDARD = gnu11;
				GCC_DYNAMIC_NO_PIC = NO;
				GCC_NO_COMMON_BLOCKS = YES;
				GCC_OPTIMIZATION_LEVEL = 0;
				GCC_PREPROCESSOR_DEFINITIONS = (
					"DEBUG=1",
					"$(inherited)",
				);
				GCC_WARN_64_TO_32_BIT_CONVERSION = YES;
				GCC_WARN_ABOUT_RETURN_TYPE = YES_ERROR;
				GCC_WARN_UNDECLARED_SELECTOR = YES;
				GCC_WARN_UNINITIALIZED_AUTOS = YES_AGGRESSIVE;
				GCC_WARN_UNUSED_FUNCTION = YES;
				GCC_WARN_UNUSED_VARIABLE = YES;
				IPHONEOS_DEPLOYMENT_TARGET = 13.4;
				MTL_ENABLE_DEBUG_INFO = INCLUDE_SOURCE;
				MTL_FAST_MATH = YES;
				ONLY_ACTIVE_ARCH = YES;
				SDKROOT = iphoneos;
				SWIFT_ACTIVE_COMPILATION_CONDITIONS = DEBUG;
				SWIFT_OPTIMIZATION_LEVEL = "-Onone";
			};
			name = Debug;
		};
		7153BD4226655BFA00892739 /* Release */ = {
			isa = XCBuildConfiguration;
			buildSettings = {
				ALWAYS_SEARCH_USER_PATHS = NO;
				CLANG_ANALYZER_NONNULL = YES;
				CLANG_ANALYZER_NUMBER_OBJECT_CONVERSION = YES_AGGRESSIVE;
				CLANG_CXX_LANGUAGE_STANDARD = "gnu++14";
				CLANG_CXX_LIBRARY = "libc++";
				CLANG_ENABLE_MODULES = YES;
				CLANG_ENABLE_OBJC_ARC = YES;
				CLANG_ENABLE_OBJC_WEAK = YES;
				CLANG_WARN_BLOCK_CAPTURE_AUTORELEASING = YES;
				CLANG_WARN_BOOL_CONVERSION = YES;
				CLANG_WARN_COMMA = YES;
				CLANG_WARN_CONSTANT_CONVERSION = YES;
				CLANG_WARN_DEPRECATED_OBJC_IMPLEMENTATIONS = YES;
				CLANG_WARN_DIRECT_OBJC_ISA_USAGE = YES_ERROR;
				CLANG_WARN_DOCUMENTATION_COMMENTS = YES;
				CLANG_WARN_EMPTY_BODY = YES;
				CLANG_WARN_ENUM_CONVERSION = YES;
				CLANG_WARN_INFINITE_RECURSION = YES;
				CLANG_WARN_INT_CONVERSION = YES;
				CLANG_WARN_NON_LITERAL_NULL_CONVERSION = YES;
				CLANG_WARN_OBJC_IMPLICIT_RETAIN_SELF = YES;
				CLANG_WARN_OBJC_LITERAL_CONVERSION = YES;
				CLANG_WARN_OBJC_ROOT_CLASS = YES_ERROR;
				CLANG_WARN_RANGE_LOOP_ANALYSIS = YES;
				CLANG_WARN_STRICT_PROTOTYPES = YES;
				CLANG_WARN_SUSPICIOUS_MOVE = YES;
				CLANG_WARN_UNGUARDED_AVAILABILITY = YES_AGGRESSIVE;
				CLANG_WARN_UNREACHABLE_CODE = YES;
				CLANG_WARN__DUPLICATE_METHOD_MATCH = YES;
				COPY_PHASE_STRIP = NO;
				DEBUG_INFORMATION_FORMAT = "dwarf-with-dsym";
				ENABLE_NS_ASSERTIONS = NO;
				ENABLE_STRICT_OBJC_MSGSEND = YES;
				GCC_C_LANGUAGE_STANDARD = gnu11;
				GCC_NO_COMMON_BLOCKS = YES;
				GCC_WARN_64_TO_32_BIT_CONVERSION = YES;
				GCC_WARN_ABOUT_RETURN_TYPE = YES_ERROR;
				GCC_WARN_UNDECLARED_SELECTOR = YES;
				GCC_WARN_UNINITIALIZED_AUTOS = YES_AGGRESSIVE;
				GCC_WARN_UNUSED_FUNCTION = YES;
				GCC_WARN_UNUSED_VARIABLE = YES;
				IPHONEOS_DEPLOYMENT_TARGET = 13.4;
				MTL_ENABLE_DEBUG_INFO = NO;
				MTL_FAST_MATH = YES;
				SDKROOT = iphoneos;
				SWIFT_COMPILATION_MODE = wholemodule;
				SWIFT_OPTIMIZATION_LEVEL = "-O";
				VALIDATE_PRODUCT = YES;
			};
			name = Release;
		};
		7153BD4426655BFA00892739 /* Debug */ = {
			isa = XCBuildConfiguration;
			buildSettings = {
				ASSETCATALOG_COMPILER_APPICON_NAME = AppIcon;
				CODE_SIGN_STYLE = Automatic;
				INFOPLIST_FILE = CardCounter/Info.plist;
				LD_RUNPATH_SEARCH_PATHS = (
					"$(inherited)",
					"@executable_path/Frameworks",
				);
				PRODUCT_BUNDLE_IDENTIFIER = "home.First-swifties.CardCounter";
				PRODUCT_NAME = "$(TARGET_NAME)";
				SWIFT_VERSION = 5.0;
				TARGETED_DEVICE_FAMILY = "1,2";
			};
			name = Debug;
		};
		7153BD4526655BFA00892739 /* Release */ = {
			isa = XCBuildConfiguration;
			buildSettings = {
				ASSETCATALOG_COMPILER_APPICON_NAME = AppIcon;
				CODE_SIGN_STYLE = Automatic;
				INFOPLIST_FILE = CardCounter/Info.plist;
				LD_RUNPATH_SEARCH_PATHS = (
					"$(inherited)",
					"@executable_path/Frameworks",
				);
				PRODUCT_BUNDLE_IDENTIFIER = "home.First-swifties.CardCounter";
				PRODUCT_NAME = "$(TARGET_NAME)";
				SWIFT_VERSION = 5.0;
				TARGETED_DEVICE_FAMILY = "1,2";
			};
			name = Release;
		};
/* End XCBuildConfiguration section */

/* Begin XCConfigurationList section */
		7153BD2A26655BF400892739 /* Build configuration list for PBXProject "CardCounter" */ = {
			isa = XCConfigurationList;
			buildConfigurations = (
				7153BD4126655BFA00892739 /* Debug */,
				7153BD4226655BFA00892739 /* Release */,
			);
			defaultConfigurationIsVisible = 0;
			defaultConfigurationName = Release;
		};
		7153BD4326655BFA00892739 /* Build configuration list for PBXNativeTarget "CardCounter" */ = {
			isa = XCConfigurationList;
			buildConfigurations = (
				7153BD4426655BFA00892739 /* Debug */,
				7153BD4526655BFA00892739 /* Release */,
			);
			defaultConfigurationIsVisible = 0;
			defaultConfigurationName = Release;
		};
/* End XCConfigurationList section */
	};
	rootObject = 7153BD2726655BF400892739 /* Project object */;
}
